// !$*UTF8*$!
{
	archiveVersion = 1;
	classes = {
	};
	objectVersion = 52;
	objects = {

/* Begin PBXBuildFile section */
		4733F17B25D02A950027DA71 /* VideoChecker.swift in Sources */ = {isa = PBXBuildFile; fileRef = 4733F17A25D02A950027DA71 /* VideoChecker.swift */; };
		474D5A8B25D9615100B60A75 /* DK Cinnabar Brush.ttf in Resources */ = {isa = PBXBuildFile; fileRef = 474D5A8A25D9615100B60A75 /* DK Cinnabar Brush.ttf */; };
		4756092A25D569A500AD9108 /* Alamofire in Frameworks */ = {isa = PBXBuildFile; productRef = 4756092925D569A500AD9108 /* Alamofire */; };
		475FD5AD25CF229B008E6DA3 /* KopfKinoApplicationApp.swift in Sources */ = {isa = PBXBuildFile; fileRef = 475FD5AC25CF229B008E6DA3 /* KopfKinoApplicationApp.swift */; };
		475FD5AF25CF229B008E6DA3 /* ContentView.swift in Sources */ = {isa = PBXBuildFile; fileRef = 475FD5AE25CF229B008E6DA3 /* ContentView.swift */; };
		475FD5B125CF229B008E6DA3 /* Assets.xcassets in Resources */ = {isa = PBXBuildFile; fileRef = 475FD5B025CF229B008E6DA3 /* Assets.xcassets */; };
		475FD5B425CF229B008E6DA3 /* Preview Assets.xcassets in Resources */ = {isa = PBXBuildFile; fileRef = 475FD5B325CF229B008E6DA3 /* Preview Assets.xcassets */; };
		475FD5BF25CF229C008E6DA3 /* KopfKinoApplicationTests.swift in Sources */ = {isa = PBXBuildFile; fileRef = 475FD5BE25CF229C008E6DA3 /* KopfKinoApplicationTests.swift */; };
		475FD5CA25CF229C008E6DA3 /* KopfKinoApplicationUITests.swift in Sources */ = {isa = PBXBuildFile; fileRef = 475FD5C925CF229C008E6DA3 /* KopfKinoApplicationUITests.swift */; };
		475FD5DB25CF234E008E6DA3 /* WelcomePage.swift in Sources */ = {isa = PBXBuildFile; fileRef = 475FD5DA25CF234E008E6DA3 /* WelcomePage.swift */; };
		475FD5E025CF2387008E6DA3 /* StylePage.swift in Sources */ = {isa = PBXBuildFile; fileRef = 475FD5DF25CF2387008E6DA3 /* StylePage.swift */; };
		475FD5E825CF23A2008E6DA3 /* TextPage.swift in Sources */ = {isa = PBXBuildFile; fileRef = 475FD5E725CF23A2008E6DA3 /* TextPage.swift */; };
		475FD5ED25CF23D4008E6DA3 /* LoadingPage.swift in Sources */ = {isa = PBXBuildFile; fileRef = 475FD5EC25CF23D4008E6DA3 /* LoadingPage.swift */; };
		475FD5F225CF23E3008E6DA3 /* VideoPage.swift in Sources */ = {isa = PBXBuildFile; fileRef = 475FD5F125CF23E3008E6DA3 /* VideoPage.swift */; };
		475FD5FF25CF2414008E6DA3 /* UserSettings.swift in Sources */ = {isa = PBXBuildFile; fileRef = 475FD5FE25CF2414008E6DA3 /* UserSettings.swift */; };
		475FD60425CF258A008E6DA3 /* TryOutFile.swift in Sources */ = {isa = PBXBuildFile; fileRef = 475FD60325CF258A008E6DA3 /* TryOutFile.swift */; };
		475FD61E25D00F7F008E6DA3 /* PostRe.swift in Sources */ = {isa = PBXBuildFile; fileRef = 475FD61D25D00F7F008E6DA3 /* PostRe.swift */; };
/* End PBXBuildFile section */

/* Begin PBXContainerItemProxy section */
		475FD5BB25CF229C008E6DA3 /* PBXContainerItemProxy */ = {
			isa = PBXContainerItemProxy;
			containerPortal = 475FD5A125CF229B008E6DA3 /* Project object */;
			proxyType = 1;
			remoteGlobalIDString = 475FD5A825CF229B008E6DA3;
			remoteInfo = KopfKinoApplication;
		};
		475FD5C625CF229C008E6DA3 /* PBXContainerItemProxy */ = {
			isa = PBXContainerItemProxy;
			containerPortal = 475FD5A125CF229B008E6DA3 /* Project object */;
			proxyType = 1;
			remoteGlobalIDString = 475FD5A825CF229B008E6DA3;
			remoteInfo = KopfKinoApplication;
		};
/* End PBXContainerItemProxy section */

/* Begin PBXFileReference section */
		4733F17625D012680027DA71 /* MyPlayground.playground */ = {isa = PBXFileReference; lastKnownFileType = file.playground; path = MyPlayground.playground; sourceTree = "<group>"; xcLanguageSpecificationIdentifier = xcode.lang.swift; };
		4733F17A25D02A950027DA71 /* VideoChecker.swift */ = {isa = PBXFileReference; lastKnownFileType = sourcecode.swift; path = VideoChecker.swift; sourceTree = "<group>"; };
		474D5A8A25D9615100B60A75 /* DK Cinnabar Brush.ttf */ = {isa = PBXFileReference; lastKnownFileType = file; name = "DK Cinnabar Brush.ttf"; path = "../../../../Coding/KopfKino/dk_cinnabar_brush/DK Cinnabar Brush.ttf"; sourceTree = "<group>"; };
		475FD5A925CF229B008E6DA3 /* KopfKinoApplication.app */ = {isa = PBXFileReference; explicitFileType = wrapper.application; includeInIndex = 0; path = KopfKinoApplication.app; sourceTree = BUILT_PRODUCTS_DIR; };
		475FD5AC25CF229B008E6DA3 /* KopfKinoApplicationApp.swift */ = {isa = PBXFileReference; lastKnownFileType = sourcecode.swift; path = KopfKinoApplicationApp.swift; sourceTree = "<group>"; };
		475FD5AE25CF229B008E6DA3 /* ContentView.swift */ = {isa = PBXFileReference; lastKnownFileType = sourcecode.swift; path = ContentView.swift; sourceTree = "<group>"; };
		475FD5B025CF229B008E6DA3 /* Assets.xcassets */ = {isa = PBXFileReference; lastKnownFileType = folder.assetcatalog; path = Assets.xcassets; sourceTree = "<group>"; };
		475FD5B325CF229B008E6DA3 /* Preview Assets.xcassets */ = {isa = PBXFileReference; lastKnownFileType = folder.assetcatalog; path = "Preview Assets.xcassets"; sourceTree = "<group>"; };
		475FD5B525CF229B008E6DA3 /* Info.plist */ = {isa = PBXFileReference; lastKnownFileType = text.plist.xml; path = Info.plist; sourceTree = "<group>"; };
		475FD5BA25CF229C008E6DA3 /* KopfKinoApplicationTests.xctest */ = {isa = PBXFileReference; explicitFileType = wrapper.cfbundle; includeInIndex = 0; path = KopfKinoApplicationTests.xctest; sourceTree = BUILT_PRODUCTS_DIR; };
		475FD5BE25CF229C008E6DA3 /* KopfKinoApplicationTests.swift */ = {isa = PBXFileReference; lastKnownFileType = sourcecode.swift; path = KopfKinoApplicationTests.swift; sourceTree = "<group>"; };
		475FD5C025CF229C008E6DA3 /* Info.plist */ = {isa = PBXFileReference; lastKnownFileType = text.plist.xml; path = Info.plist; sourceTree = "<group>"; };
		475FD5C525CF229C008E6DA3 /* KopfKinoApplicationUITests.xctest */ = {isa = PBXFileReference; explicitFileType = wrapper.cfbundle; includeInIndex = 0; path = KopfKinoApplicationUITests.xctest; sourceTree = BUILT_PRODUCTS_DIR; };
		475FD5C925CF229C008E6DA3 /* KopfKinoApplicationUITests.swift */ = {isa = PBXFileReference; lastKnownFileType = sourcecode.swift; path = KopfKinoApplicationUITests.swift; sourceTree = "<group>"; };
		475FD5CB25CF229C008E6DA3 /* Info.plist */ = {isa = PBXFileReference; lastKnownFileType = text.plist.xml; path = Info.plist; sourceTree = "<group>"; };
		475FD5DA25CF234E008E6DA3 /* WelcomePage.swift */ = {isa = PBXFileReference; lastKnownFileType = sourcecode.swift; path = WelcomePage.swift; sourceTree = "<group>"; };
		475FD5DF25CF2387008E6DA3 /* StylePage.swift */ = {isa = PBXFileReference; lastKnownFileType = sourcecode.swift; path = StylePage.swift; sourceTree = SOURCE_ROOT; };
		475FD5E725CF23A2008E6DA3 /* TextPage.swift */ = {isa = PBXFileReference; lastKnownFileType = sourcecode.swift; path = TextPage.swift; sourceTree = SOURCE_ROOT; };
		475FD5EC25CF23D4008E6DA3 /* LoadingPage.swift */ = {isa = PBXFileReference; lastKnownFileType = sourcecode.swift; path = LoadingPage.swift; sourceTree = "<group>"; };
		475FD5F125CF23E3008E6DA3 /* VideoPage.swift */ = {isa = PBXFileReference; lastKnownFileType = sourcecode.swift; path = VideoPage.swift; sourceTree = "<group>"; };
		475FD5FE25CF2414008E6DA3 /* UserSettings.swift */ = {isa = PBXFileReference; lastKnownFileType = sourcecode.swift; path = UserSettings.swift; sourceTree = "<group>"; };
		475FD60325CF258A008E6DA3 /* TryOutFile.swift */ = {isa = PBXFileReference; lastKnownFileType = sourcecode.swift; path = TryOutFile.swift; sourceTree = "<group>"; };
		475FD61D25D00F7F008E6DA3 /* PostRe.swift */ = {isa = PBXFileReference; lastKnownFileType = sourcecode.swift; path = PostRe.swift; sourceTree = "<group>"; };
/* End PBXFileReference section */

/* Begin PBXFrameworksBuildPhase section */
		475FD5A625CF229B008E6DA3 /* Frameworks */ = {
			isa = PBXFrameworksBuildPhase;
			buildActionMask = 2147483647;
			files = (
				4756092A25D569A500AD9108 /* Alamofire in Frameworks */,
			);
			runOnlyForDeploymentPostprocessing = 0;
		};
		475FD5B725CF229C008E6DA3 /* Frameworks */ = {
			isa = PBXFrameworksBuildPhase;
			buildActionMask = 2147483647;
			files = (
			);
			runOnlyForDeploymentPostprocessing = 0;
		};
		475FD5C225CF229C008E6DA3 /* Frameworks */ = {
			isa = PBXFrameworksBuildPhase;
			buildActionMask = 2147483647;
			files = (
			);
			runOnlyForDeploymentPostprocessing = 0;
		};
/* End PBXFrameworksBuildPhase section */

/* Begin PBXGroup section */
		475FD5A025CF229B008E6DA3 = {
			isa = PBXGroup;
			children = (
				4733F17625D012680027DA71 /* MyPlayground.playground */,
				475FD61D25D00F7F008E6DA3 /* PostRe.swift */,
				475FD5AB25CF229B008E6DA3 /* KopfKinoApplication */,
				475FD5BD25CF229C008E6DA3 /* KopfKinoApplicationTests */,
				475FD5C825CF229C008E6DA3 /* KopfKinoApplicationUITests */,
				475FD5AA25CF229B008E6DA3 /* Products */,
			);
			sourceTree = "<group>";
		};
		475FD5AA25CF229B008E6DA3 /* Products */ = {
			isa = PBXGroup;
			children = (
				475FD5A925CF229B008E6DA3 /* KopfKinoApplication.app */,
				475FD5BA25CF229C008E6DA3 /* KopfKinoApplicationTests.xctest */,
				475FD5C525CF229C008E6DA3 /* KopfKinoApplicationUITests.xctest */,
			);
			name = Products;
			sourceTree = "<group>";
		};
		475FD5AB25CF229B008E6DA3 /* KopfKinoApplication */ = {
			isa = PBXGroup;
			children = (
				475FD5AC25CF229B008E6DA3 /* KopfKinoApplicationApp.swift */,
				475FD5F125CF23E3008E6DA3 /* VideoPage.swift */,
				475FD5EC25CF23D4008E6DA3 /* LoadingPage.swift */,
				4733F17A25D02A950027DA71 /* VideoChecker.swift */,
				475FD5E725CF23A2008E6DA3 /* TextPage.swift */,
				475FD5DF25CF2387008E6DA3 /* StylePage.swift */,
				475FD5DA25CF234E008E6DA3 /* WelcomePage.swift */,
				475FD5AE25CF229B008E6DA3 /* ContentView.swift */,
				475FD5FE25CF2414008E6DA3 /* UserSettings.swift */,
				475FD61125CF2650008E6DA3 /* Datas */,
				475FD5B025CF229B008E6DA3 /* Assets.xcassets */,
				474D5A8A25D9615100B60A75 /* DK Cinnabar Brush.ttf */,
				475FD61025CF2643008E6DA3 /* Views */,
				475FD5B525CF229B008E6DA3 /* Info.plist */,
				475FD5B225CF229B008E6DA3 /* Preview Content */,
			);
			path = KopfKinoApplication;
			sourceTree = "<group>";
		};
		475FD5B225CF229B008E6DA3 /* Preview Content */ = {
			isa = PBXGroup;
			children = (
				475FD5B325CF229B008E6DA3 /* Preview Assets.xcassets */,
			);
			path = "Preview Content";
			sourceTree = "<group>";
		};
		475FD5BD25CF229C008E6DA3 /* KopfKinoApplicationTests */ = {
			isa = PBXGroup;
			children = (
				475FD5BE25CF229C008E6DA3 /* KopfKinoApplicationTests.swift */,
				475FD5C025CF229C008E6DA3 /* Info.plist */,
			);
			path = KopfKinoApplicationTests;
			sourceTree = "<group>";
		};
		475FD5C825CF229C008E6DA3 /* KopfKinoApplicationUITests */ = {
			isa = PBXGroup;
			children = (
				475FD5C925CF229C008E6DA3 /* KopfKinoApplicationUITests.swift */,
				475FD5CB25CF229C008E6DA3 /* Info.plist */,
			);
			path = KopfKinoApplicationUITests;
			sourceTree = "<group>";
		};
		475FD61025CF2643008E6DA3 /* Views */ = {
			isa = PBXGroup;
			children = (
			);
			path = Views;
			sourceTree = "<group>";
		};
		475FD61125CF2650008E6DA3 /* Datas */ = {
			isa = PBXGroup;
			children = (
				475FD60325CF258A008E6DA3 /* TryOutFile.swift */,
			);
			path = Datas;
			sourceTree = "<group>";
		};
/* End PBXGroup section */

/* Begin PBXNativeTarget section */
		475FD5A825CF229B008E6DA3 /* KopfKinoApplication */ = {
			isa = PBXNativeTarget;
			buildConfigurationList = 475FD5CE25CF229C008E6DA3 /* Build configuration list for PBXNativeTarget "KopfKinoApplication" */;
			buildPhases = (
				475FD5A525CF229B008E6DA3 /* Sources */,
				475FD5A625CF229B008E6DA3 /* Frameworks */,
				475FD5A725CF229B008E6DA3 /* Resources */,
			);
			buildRules = (
			);
			dependencies = (
			);
			name = KopfKinoApplication;
			packageProductDependencies = (
				4756092925D569A500AD9108 /* Alamofire */,
			);
			productName = KopfKinoApplication;
			productReference = 475FD5A925CF229B008E6DA3 /* KopfKinoApplication.app */;
			productType = "com.apple.product-type.application";
		};
		475FD5B925CF229C008E6DA3 /* KopfKinoApplicationTests */ = {
			isa = PBXNativeTarget;
			buildConfigurationList = 475FD5D125CF229C008E6DA3 /* Build configuration list for PBXNativeTarget "KopfKinoApplicationTests" */;
			buildPhases = (
				475FD5B625CF229C008E6DA3 /* Sources */,
				475FD5B725CF229C008E6DA3 /* Frameworks */,
				475FD5B825CF229C008E6DA3 /* Resources */,
			);
			buildRules = (
			);
			dependencies = (
				475FD5BC25CF229C008E6DA3 /* PBXTargetDependency */,
			);
			name = KopfKinoApplicationTests;
			productName = KopfKinoApplicationTests;
			productReference = 475FD5BA25CF229C008E6DA3 /* KopfKinoApplicationTests.xctest */;
			productType = "com.apple.product-type.bundle.unit-test";
		};
		475FD5C425CF229C008E6DA3 /* KopfKinoApplicationUITests */ = {
			isa = PBXNativeTarget;
			buildConfigurationList = 475FD5D425CF229C008E6DA3 /* Build configuration list for PBXNativeTarget "KopfKinoApplicationUITests" */;
			buildPhases = (
				475FD5C125CF229C008E6DA3 /* Sources */,
				475FD5C225CF229C008E6DA3 /* Frameworks */,
				475FD5C325CF229C008E6DA3 /* Resources */,
			);
			buildRules = (
			);
			dependencies = (
				475FD5C725CF229C008E6DA3 /* PBXTargetDependency */,
			);
			name = KopfKinoApplicationUITests;
			productName = KopfKinoApplicationUITests;
			productReference = 475FD5C525CF229C008E6DA3 /* KopfKinoApplicationUITests.xctest */;
			productType = "com.apple.product-type.bundle.ui-testing";
		};
/* End PBXNativeTarget section */

/* Begin PBXProject section */
		475FD5A125CF229B008E6DA3 /* Project object */ = {
			isa = PBXProject;
			attributes = {
				LastSwiftUpdateCheck = 1240;
				LastUpgradeCheck = 1240;
				TargetAttributes = {
					475FD5A825CF229B008E6DA3 = {
						CreatedOnToolsVersion = 12.4;
					};
					475FD5B925CF229C008E6DA3 = {
						CreatedOnToolsVersion = 12.4;
						TestTargetID = 475FD5A825CF229B008E6DA3;
					};
					475FD5C425CF229C008E6DA3 = {
						CreatedOnToolsVersion = 12.4;
						TestTargetID = 475FD5A825CF229B008E6DA3;
					};
				};
			};
			buildConfigurationList = 475FD5A425CF229B008E6DA3 /* Build configuration list for PBXProject "KopfKinoApplication" */;
			compatibilityVersion = "Xcode 9.3";
			developmentRegion = en;
			hasScannedForEncodings = 0;
			knownRegions = (
				en,
				Base,
			);
			mainGroup = 475FD5A025CF229B008E6DA3;
			packageReferences = (
				4756092825D569A500AD9108 /* XCRemoteSwiftPackageReference "Alamofire" */,
			);
			productRefGroup = 475FD5AA25CF229B008E6DA3 /* Products */;
			projectDirPath = "";
			projectRoot = "";
			targets = (
				475FD5A825CF229B008E6DA3 /* KopfKinoApplication */,
				475FD5B925CF229C008E6DA3 /* KopfKinoApplicationTests */,
				475FD5C425CF229C008E6DA3 /* KopfKinoApplicationUITests */,
			);
		};
/* End PBXProject section */

/* Begin PBXResourcesBuildPhase section */
		475FD5A725CF229B008E6DA3 /* Resources */ = {
			isa = PBXResourcesBuildPhase;
			buildActionMask = 2147483647;
			files = (
				475FD5B425CF229B008E6DA3 /* Preview Assets.xcassets in Resources */,
				475FD5B125CF229B008E6DA3 /* Assets.xcassets in Resources */,
				474D5A8B25D9615100B60A75 /* DK Cinnabar Brush.ttf in Resources */,
			);
			runOnlyForDeploymentPostprocessing = 0;
		};
		475FD5B825CF229C008E6DA3 /* Resources */ = {
			isa = PBXResourcesBuildPhase;
			buildActionMask = 2147483647;
			files = (
			);
			runOnlyForDeploymentPostprocessing = 0;
		};
		475FD5C325CF229C008E6DA3 /* Resources */ = {
			isa = PBXResourcesBuildPhase;
			buildActionMask = 2147483647;
			files = (
			);
			runOnlyForDeploymentPostprocessing = 0;
		};
/* End PBXResourcesBuildPhase section */

/* Begin PBXSourcesBuildPhase section */
		475FD5A525CF229B008E6DA3 /* Sources */ = {
			isa = PBXSourcesBuildPhase;
			buildActionMask = 2147483647;
			files = (
				475FD5E025CF2387008E6DA3 /* StylePage.swift in Sources */,
				475FD5E825CF23A2008E6DA3 /* TextPage.swift in Sources */,
				475FD5DB25CF234E008E6DA3 /* WelcomePage.swift in Sources */,
				475FD61E25D00F7F008E6DA3 /* PostRe.swift in Sources */,
				475FD5FF25CF2414008E6DA3 /* UserSettings.swift in Sources */,
				4733F17B25D02A950027DA71 /* VideoChecker.swift in Sources */,
				475FD5ED25CF23D4008E6DA3 /* LoadingPage.swift in Sources */,
				475FD60425CF258A008E6DA3 /* TryOutFile.swift in Sources */,
				475FD5AF25CF229B008E6DA3 /* ContentView.swift in Sources */,
				475FD5AD25CF229B008E6DA3 /* KopfKinoApplicationApp.swift in Sources */,
				475FD5F225CF23E3008E6DA3 /* VideoPage.swift in Sources */,
			);
			runOnlyForDeploymentPostprocessing = 0;
		};
		475FD5B625CF229C008E6DA3 /* Sources */ = {
			isa = PBXSourcesBuildPhase;
			buildActionMask = 2147483647;
			files = (
				475FD5BF25CF229C008E6DA3 /* KopfKinoApplicationTests.swift in Sources */,
			);
			runOnlyForDeploymentPostprocessing = 0;
		};
		475FD5C125CF229C008E6DA3 /* Sources */ = {
			isa = PBXSourcesBuildPhase;
			buildActionMask = 2147483647;
			files = (
				475FD5CA25CF229C008E6DA3 /* KopfKinoApplicationUITests.swift in Sources */,
			);
			runOnlyForDeploymentPostprocessing = 0;
		};
/* End PBXSourcesBuildPhase section */

/* Begin PBXTargetDependency section */
		475FD5BC25CF229C008E6DA3 /* PBXTargetDependency */ = {
			isa = PBXTargetDependency;
			target = 475FD5A825CF229B008E6DA3 /* KopfKinoApplication */;
			targetProxy = 475FD5BB25CF229C008E6DA3 /* PBXContainerItemProxy */;
		};
		475FD5C725CF229C008E6DA3 /* PBXTargetDependency */ = {
			isa = PBXTargetDependency;
			target = 475FD5A825CF229B008E6DA3 /* KopfKinoApplication */;
			targetProxy = 475FD5C625CF229C008E6DA3 /* PBXContainerItemProxy */;
		};
/* End PBXTargetDependency section */

/* Begin XCBuildConfiguration section */
		475FD5CC25CF229C008E6DA3 /* Debug */ = {
			isa = XCBuildConfiguration;
			buildSettings = {
				ALWAYS_SEARCH_USER_PATHS = NO;
				CLANG_ANALYZER_NONNULL = YES;
				CLANG_ANALYZER_NUMBER_OBJECT_CONVERSION = YES_AGGRESSIVE;
				CLANG_CXX_LANGUAGE_STANDARD = "gnu++14";
				CLANG_CXX_LIBRARY = "libc++";
				CLANG_ENABLE_MODULES = YES;
				CLANG_ENABLE_OBJC_ARC = YES;
				CLANG_ENABLE_OBJC_WEAK = YES;
				CLANG_WARN_BLOCK_CAPTURE_AUTORELEASING = YES;
				CLANG_WARN_BOOL_CONVERSION = YES;
				CLANG_WARN_COMMA = YES;
				CLANG_WARN_CONSTANT_CONVERSION = YES;
				CLANG_WARN_DEPRECATED_OBJC_IMPLEMENTATIONS = YES;
				CLANG_WARN_DIRECT_OBJC_ISA_USAGE = YES_ERROR;
				CLANG_WARN_DOCUMENTATION_COMMENTS = YES;
				CLANG_WARN_EMPTY_BODY = YES;
				CLANG_WARN_ENUM_CONVERSION = YES;
				CLANG_WARN_INFINITE_RECURSION = YES;
				CLANG_WARN_INT_CONVERSION = YES;
				CLANG_WARN_NON_LITERAL_NULL_CONVERSION = YES;
				CLANG_WARN_OBJC_IMPLICIT_RETAIN_SELF = YES;
				CLANG_WARN_OBJC_LITERAL_CONVERSION = YES;
				CLANG_WARN_OBJC_ROOT_CLASS = YES_ERROR;
				CLANG_WARN_QUOTED_INCLUDE_IN_FRAMEWORK_HEADER = YES;
				CLANG_WARN_RANGE_LOOP_ANALYSIS = YES;
				CLANG_WARN_STRICT_PROTOTYPES = YES;
				CLANG_WARN_SUSPICIOUS_MOVE = YES;
				CLANG_WARN_UNGUARDED_AVAILABILITY = YES_AGGRESSIVE;
				CLANG_WARN_UNREACHABLE_CODE = YES;
				CLANG_WARN__DUPLICATE_METHOD_MATCH = YES;
				COPY_PHASE_STRIP = NO;
				DEBUG_INFORMATION_FORMAT = dwarf;
				ENABLE_STRICT_OBJC_MSGSEND = YES;
				ENABLE_TESTABILITY = YES;
				GCC_C_LANGUAGE_STANDARD = gnu11;
				GCC_DYNAMIC_NO_PIC = NO;
				GCC_NO_COMMON_BLOCKS = YES;
				GCC_OPTIMIZATION_LEVEL = 0;
				GCC_PREPROCESSOR_DEFINITIONS = (
					"DEBUG=1",
					"$(inherited)",
				);
				GCC_WARN_64_TO_32_BIT_CONVERSION = YES;
				GCC_WARN_ABOUT_RETURN_TYPE = YES_ERROR;
				GCC_WARN_UNDECLARED_SELECTOR = YES;
				GCC_WARN_UNINITIALIZED_AUTOS = YES_AGGRESSIVE;
				GCC_WARN_UNUSED_FUNCTION = YES;
				GCC_WARN_UNUSED_VARIABLE = YES;
				IPHONEOS_DEPLOYMENT_TARGET = 14.4;
				MTL_ENABLE_DEBUG_INFO = INCLUDE_SOURCE;
				MTL_FAST_MATH = YES;
				ONLY_ACTIVE_ARCH = YES;
				SDKROOT = iphoneos;
				SWIFT_ACTIVE_COMPILATION_CONDITIONS = DEBUG;
				SWIFT_OPTIMIZATION_LEVEL = "-Onone";
			};
			name = Debug;
		};
		475FD5CD25CF229C008E6DA3 /* Release */ = {
			isa = XCBuildConfiguration;
			buildSettings = {
				ALWAYS_SEARCH_USER_PATHS = NO;
				CLANG_ANALYZER_NONNULL = YES;
				CLANG_ANALYZER_NUMBER_OBJECT_CONVERSION = YES_AGGRESSIVE;
				CLANG_CXX_LANGUAGE_STANDARD = "gnu++14";
				CLANG_CXX_LIBRARY = "libc++";
				CLANG_ENABLE_MODULES = YES;
				CLANG_ENABLE_OBJC_ARC = YES;
				CLANG_ENABLE_OBJC_WEAK = YES;
				CLANG_WARN_BLOCK_CAPTURE_AUTORELEASING = YES;
				CLANG_WARN_BOOL_CONVERSION = YES;
				CLANG_WARN_COMMA = YES;
				CLANG_WARN_CONSTANT_CONVERSION = YES;
				CLANG_WARN_DEPRECATED_OBJC_IMPLEMENTATIONS = YES;
				CLANG_WARN_DIRECT_OBJC_ISA_USAGE = YES_ERROR;
				CLANG_WARN_DOCUMENTATION_COMMENTS = YES;
				CLANG_WARN_EMPTY_BODY = YES;
				CLANG_WARN_ENUM_CONVERSION = YES;
				CLANG_WARN_INFINITE_RECURSION = YES;
				CLANG_WARN_INT_CONVERSION = YES;
				CLANG_WARN_NON_LITERAL_NULL_CONVERSION = YES;
				CLANG_WARN_OBJC_IMPLICIT_RETAIN_SELF = YES;
				CLANG_WARN_OBJC_LITERAL_CONVERSION = YES;
				CLANG_WARN_OBJC_ROOT_CLASS = YES_ERROR;
				CLANG_WARN_QUOTED_INCLUDE_IN_FRAMEWORK_HEADER = YES;
				CLANG_WARN_RANGE_LOOP_ANALYSIS = YES;
				CLANG_WARN_STRICT_PROTOTYPES = YES;
				CLANG_WARN_SUSPICIOUS_MOVE = YES;
				CLANG_WARN_UNGUARDED_AVAILABILITY = YES_AGGRESSIVE;
				CLANG_WARN_UNREACHABLE_CODE = YES;
				CLANG_WARN__DUPLICATE_METHOD_MATCH = YES;
				COPY_PHASE_STRIP = NO;
				DEBUG_INFORMATION_FORMAT = "dwarf-with-dsym";
				ENABLE_NS_ASSERTIONS = NO;
				ENABLE_STRICT_OBJC_MSGSEND = YES;
				GCC_C_LANGUAGE_STANDARD = gnu11;
				GCC_NO_COMMON_BLOCKS = YES;
				GCC_WARN_64_TO_32_BIT_CONVERSION = YES;
				GCC_WARN_ABOUT_RETURN_TYPE = YES_ERROR;
				GCC_WARN_UNDECLARED_SELECTOR = YES;
				GCC_WARN_UNINITIALIZED_AUTOS = YES_AGGRESSIVE;
				GCC_WARN_UNUSED_FUNCTION = YES;
				GCC_WARN_UNUSED_VARIABLE = YES;
				IPHONEOS_DEPLOYMENT_TARGET = 14.4;
				MTL_ENABLE_DEBUG_INFO = NO;
				MTL_FAST_MATH = YES;
				SDKROOT = iphoneos;
				SWIFT_COMPILATION_MODE = wholemodule;
				SWIFT_OPTIMIZATION_LEVEL = "-O";
				VALIDATE_PRODUCT = YES;
			};
			name = Release;
		};
		475FD5CF25CF229C008E6DA3 /* Debug */ = {
			isa = XCBuildConfiguration;
			buildSettings = {
				ASSETCATALOG_COMPILER_APPICON_NAME = AppIcon;
				ASSETCATALOG_COMPILER_GLOBAL_ACCENT_COLOR_NAME = AccentColor;
				CODE_SIGN_STYLE = Automatic;
				DEVELOPMENT_ASSET_PATHS = "\"KopfKinoApplication/Preview Content\"";
				DEVELOPMENT_TEAM = P29J47GBK4;
				ENABLE_PREVIEWS = YES;
				INFOPLIST_FILE = KopfKinoApplication/Info.plist;
				IPHONEOS_DEPLOYMENT_TARGET = 14.0;
				LD_RUNPATH_SEARCH_PATHS = (
					"$(inherited)",
					"@executable_path/Frameworks",
				);
				PRODUCT_BUNDLE_IDENTIFIER = KKAPP.KopfKinoApplication;
				PRODUCT_NAME = "$(TARGET_NAME)";
				SWIFT_VERSION = 5.0;
				TARGETED_DEVICE_FAMILY = "1,2";
			};
			name = Debug;
		};
		475FD5D025CF229C008E6DA3 /* Release */ = {
			isa = XCBuildConfiguration;
			buildSettings = {
				ASSETCATALOG_COMPILER_APPICON_NAME = AppIcon;
				ASSETCATALOG_COMPILER_GLOBAL_ACCENT_COLOR_NAME = AccentColor;
				CODE_SIGN_STYLE = Automatic;
				DEVELOPMENT_ASSET_PATHS = "\"KopfKinoApplication/Preview Content\"";
				DEVELOPMENT_TEAM = P29J47GBK4;
				ENABLE_PREVIEWS = YES;
				INFOPLIST_FILE = KopfKinoApplication/Info.plist;
				IPHONEOS_DEPLOYMENT_TARGET = 14.0;
				LD_RUNPATH_SEARCH_PATHS = (
					"$(inherited)",
					"@executable_path/Frameworks",
				);
				PRODUCT_BUNDLE_IDENTIFIER = KKAPP.KopfKinoApplication;
				PRODUCT_NAME = "$(TARGET_NAME)";
				SWIFT_VERSION = 5.0;
				TARGETED_DEVICE_FAMILY = "1,2";
			};
			name = Release;
		};
		475FD5D225CF229C008E6DA3 /* Debug */ = {
			isa = XCBuildConfiguration;
			buildSettings = {
				ALWAYS_EMBED_SWIFT_STANDARD_LIBRARIES = YES;
				BUNDLE_LOADER = "$(TEST_HOST)";
				CODE_SIGN_STYLE = Automatic;
				DEVELOPMENT_TEAM = P29J47GBK4;
				INFOPLIST_FILE = KopfKinoApplicationTests/Info.plist;
				IPHONEOS_DEPLOYMENT_TARGET = 14.0;
				LD_RUNPATH_SEARCH_PATHS = (
					"$(inherited)",
					"@executable_path/Frameworks",
					"@loader_path/Frameworks",
				);
				PRODUCT_BUNDLE_IDENTIFIER = KKAPP.KopfKinoApplicationTests;
				PRODUCT_NAME = "$(TARGET_NAME)";
				SWIFT_VERSION = 5.0;
				TARGETED_DEVICE_FAMILY = "1,2";
				TEST_HOST = "$(BUILT_PRODUCTS_DIR)/KopfKinoApplication.app/KopfKinoApplication";
			};
			name = Debug;
		};
		475FD5D325CF229C008E6DA3 /* Release */ = {
			isa = XCBuildConfiguration;
			buildSettings = {
				ALWAYS_EMBED_SWIFT_STANDARD_LIBRARIES = YES;
				BUNDLE_LOADER = "$(TEST_HOST)";
				CODE_SIGN_STYLE = Automatic;
				DEVELOPMENT_TEAM = P29J47GBK4;
				INFOPLIST_FILE = KopfKinoApplicationTests/Info.plist;
				IPHONEOS_DEPLOYMENT_TARGET = 14.0;
				LD_RUNPATH_SEARCH_PATHS = (
					"$(inherited)",
					"@executable_path/Frameworks",
					"@loader_path/Frameworks",
				);
				PRODUCT_BUNDLE_IDENTIFIER = KKAPP.KopfKinoApplicationTests;
				PRODUCT_NAME = "$(TARGET_NAME)";
				SWIFT_VERSION = 5.0;
				TARGETED_DEVICE_FAMILY = "1,2";
				TEST_HOST = "$(BUILT_PRODUCTS_DIR)/KopfKinoApplication.app/KopfKinoApplication";
			};
			name = Release;
		};
		475FD5D525CF229C008E6DA3 /* Debug */ = {
			isa = XCBuildConfiguration;
			buildSettings = {
				ALWAYS_EMBED_SWIFT_STANDARD_LIBRARIES = YES;
				CODE_SIGN_STYLE = Automatic;
				DEVELOPMENT_TEAM = P29J47GBK4;
				INFOPLIST_FILE = KopfKinoApplicationUITests/Info.plist;
				LD_RUNPATH_SEARCH_PATHS = (
					"$(inherited)",
					"@executable_path/Frameworks",
					"@loader_path/Frameworks",
				);
				PRODUCT_BUNDLE_IDENTIFIER = KKAPP.KopfKinoApplicationUITests;
				PRODUCT_NAME = "$(TARGET_NAME)";
				SWIFT_VERSION = 5.0;
				TARGETED_DEVICE_FAMILY = "1,2";
				TEST_TARGET_NAME = KopfKinoApplication;
			};
			name = Debug;
		};
		475FD5D625CF229C008E6DA3 /* Release */ = {
			isa = XCBuildConfiguration;
			buildSettings = {
				ALWAYS_EMBED_SWIFT_STANDARD_LIBRARIES = YES;
				CODE_SIGN_STYLE = Automatic;
				DEVELOPMENT_TEAM = P29J47GBK4;
				INFOPLIST_FILE = KopfKinoApplicationUITests/Info.plist;
				LD_RUNPATH_SEARCH_PATHS = (
					"$(inherited)",
					"@executable_path/Frameworks",
					"@loader_path/Frameworks",
				);
				PRODUCT_BUNDLE_IDENTIFIER = KKAPP.KopfKinoApplicationUITests;
				PRODUCT_NAME = "$(TARGET_NAME)";
				SWIFT_VERSION = 5.0;
				TARGETED_DEVICE_FAMILY = "1,2";
				TEST_TARGET_NAME = KopfKinoApplication;
			};
			name = Release;
		};
/* End XCBuildConfiguration section */

/* Begin XCConfigurationList section */
		475FD5A425CF229B008E6DA3 /* Build configuration list for PBXProject "KopfKinoApplication" */ = {
			isa = XCConfigurationList;
			buildConfigurations = (
				475FD5CC25CF229C008E6DA3 /* Debug */,
				475FD5CD25CF229C008E6DA3 /* Release */,
			);
			defaultConfigurationIsVisible = 0;
			defaultConfigurationName = Release;
		};
		475FD5CE25CF229C008E6DA3 /* Build configuration list for PBXNativeTarget "KopfKinoApplication" */ = {
			isa = XCConfigurationList;
			buildConfigurations = (
				475FD5CF25CF229C008E6DA3 /* Debug */,
				475FD5D025CF229C008E6DA3 /* Release */,
			);
			defaultConfigurationIsVisible = 0;
			defaultConfigurationName = Release;
		};
		475FD5D125CF229C008E6DA3 /* Build configuration list for PBXNativeTarget "KopfKinoApplicationTests" */ = {
			isa = XCConfigurationList;
			buildConfigurations = (
				475FD5D225CF229C008E6DA3 /* Debug */,
				475FD5D325CF229C008E6DA3 /* Release */,
			);
			defaultConfigurationIsVisible = 0;
			defaultConfigurationName = Release;
		};
		475FD5D425CF229C008E6DA3 /* Build configuration list for PBXNativeTarget "KopfKinoApplicationUITests" */ = {
			isa = XCConfigurationList;
			buildConfigurations = (
				475FD5D525CF229C008E6DA3 /* Debug */,
				475FD5D625CF229C008E6DA3 /* Release */,
			);
			defaultConfigurationIsVisible = 0;
			defaultConfigurationName = Release;
		};
/* End XCConfigurationList section */

/* Begin XCRemoteSwiftPackageReference section */
		4756092825D569A500AD9108 /* XCRemoteSwiftPackageReference "Alamofire" */ = {
			isa = XCRemoteSwiftPackageReference;
			repositoryURL = "https://github.com/Alamofire/Alamofire.git";
			requirement = {
				kind = upToNextMajorVersion;
				minimumVersion = 5.4.1;
			};
		};
/* End XCRemoteSwiftPackageReference section */

/* Begin XCSwiftPackageProductDependency section */
		4756092925D569A500AD9108 /* Alamofire */ = {
			isa = XCSwiftPackageProductDependency;
			package = 4756092825D569A500AD9108 /* XCRemoteSwiftPackageReference "Alamofire" */;
			productName = Alamofire;
		};
/* End XCSwiftPackageProductDependency section */
	};
	rootObject = 475FD5A125CF229B008E6DA3 /* Project object */;
}
